
Microsoft Visual Studio Solution File, Format Version 11.00
# Visual Studio 2010
Project("{FAE04EC0-301F-11D3-BF4B-00C04F79EFBC}") = "SpikingNeurons", "SpikingNeurons\SpikingNeurons.csproj", "{58A86E7B-5B98-44F6-9606-EB60FC3D76C9}"
EndProject
Project("{FAE04EC0-301F-11D3-BF4B-00C04F79EFBC}") = "CortexViewer", "CortexViewer\CortexViewer.csproj", "{A0C180EA-C1D3-4F4B-8E55-0CB5C753910C}"
EndProject
Project("{FAE04EC0-301F-11D3-BF4B-00C04F79EFBC}") = "WindowsFormsApplication1", "WindowsFormsApplication1\WindowsFormsApplication1.csproj", "{4F2D99D0-BEF3-4744-A133-D92F6F7CBDD3}"
EndProject
Global
	GlobalSection(SolutionConfigurationPlatforms) = preSolution
		Debug|Any CPU = Debug|Any CPU
		Release|Any CPU = Release|Any CPU
	EndGlobalSection
	GlobalSection(ProjectConfigurationPlatforms) = postSolution
		{58A86E7B-5B98-44F6-9606-EB60FC3D76C9}.Debug|Any CPU.ActiveCfg = Debug|Any CPU
		{58A86E7B-5B98-44F6-9606-EB60FC3D76C9}.Debug|Any CPU.Build.0 = Debug|Any CPU
		{58A86E7B-5B98-44F6-9606-EB60FC3D76C9}.Release|Any CPU.ActiveCfg = Release|Any CPU
		{58A86E7B-5B98-44F6-9606-EB60FC3D76C9}.Release|Any CPU.Build.0 = Release|Any CPU
		{A0C180EA-C1D3-4F4B-8E55-0CB5C753910C}.Debug|Any CPU.ActiveCfg = Debug|Any CPU
		{A0C180EA-C1D3-4F4B-8E55-0CB5C753910C}.Debug|Any CPU.Build.0 = Debug|Any CPU
		{A0C180EA-C1D3-4F4B-8E55-0CB5C753910C}.Release|Any CPU.ActiveCfg = Release|Any CPU
		{A0C180EA-C1D3-4F4B-8E55-0CB5C753910C}.Release|Any CPU.Build.0 = Release|Any CPU
		{4F2D99D0-BEF3-4744-A133-D92F6F7CBDD3}.Debug|Any CPU.ActiveCfg = Debug|Any CPU
		{4F2D99D0-BEF3-4744-A133-D92F6F7CBDD3}.Debug|Any CPU.Build.0 = Debug|Any CPU
		{4F2D99D0-BEF3-4744-A133-D92F6F7CBDD3}.Release|Any CPU.ActiveCfg = Release|Any CPU
		{4F2D99D0-BEF3-4744-A133-D92F6F7CBDD3}.Release|Any CPU.Build.0 = Release|Any CPU
	EndGlobalSection
	GlobalSection(SolutionProperties) = preSolution
		HideSolutionNode = FALSE
	EndGlobalSection
EndGlobal
